
Microsoft Visual Studio Solution File, Format Version 12.00
# Visual Studio Version 17
VisualStudioVersion = 17.4.33205.214
MinimumVisualStudioVersion = 10.0.40219.1
Project("{9A19103F-16F7-4668-BE54-9A1E7A4F7556}") = "CloudNative.CloudEvents.Experimental.Endpoints", "CloudNative.CloudEvents.Experimental.Endpoints\CloudNative.CloudEvents.Experimental.Endpoints.csproj", "{A635C0E5-4B74-47E6-8257-6BA21EC1AE57}"
EndProject
Project("{9A19103F-16F7-4668-BE54-9A1E7A4F7556}") = "CloudNative.CloudEvents.Experimental.Endpoints.Amqp", "CloudNative.CloudEvents.Experimental.Endpoints.Amqp\CloudNative.CloudEvents.Experimental.Endpoints.Amqp.csproj", "{F201E664-3E8C-40B3-A3CC-BC21CC07DA4E}"
EndProject
Project("{FAE04EC0-301F-11D3-BF4B-00C04F79EFBC}") = "CloudNative.CloudEvents.Experimental.Endpoints.Mqtt", "CloudNative.CloudEvents.Experimental.Endpoints.Mqtt\CloudNative.CloudEvents.Experimental.Endpoints.Mqtt.csproj", "{D08539DC-36D2-4986-9EB5-9DCA9CF05E56}"
EndProject
Global
	GlobalSection(SolutionConfigurationPlatforms) = preSolution
		Debug|Any CPU = Debug|Any CPU
		Release|Any CPU = Release|Any CPU
	EndGlobalSection
	GlobalSection(ProjectConfigurationPlatforms) = postSolution
		{A635C0E5-4B74-47E6-8257-6BA21EC1AE57}.Debug|Any CPU.ActiveCfg = Debug|Any CPU
		{A635C0E5-4B74-47E6-8257-6BA21EC1AE57}.Debug|Any CPU.Build.0 = Debug|Any CPU
		{A635C0E5-4B74-47E6-8257-6BA21EC1AE57}.Release|Any CPU.ActiveCfg = Release|Any CPU
		{A635C0E5-4B74-47E6-8257-6BA21EC1AE57}.Release|Any CPU.Build.0 = Release|Any CPU
		{F201E664-3E8C-40B3-A3CC-BC21CC07DA4E}.Debug|Any CPU.ActiveCfg = Debug|Any CPU
		{F201E664-3E8C-40B3-A3CC-BC21CC07DA4E}.Debug|Any CPU.Build.0 = Debug|Any CPU
		{F201E664-3E8C-40B3-A3CC-BC21CC07DA4E}.Release|Any CPU.ActiveCfg = Release|Any CPU
		{F201E664-3E8C-40B3-A3CC-BC21CC07DA4E}.Release|Any CPU.Build.0 = Release|Any CPU
		{D08539DC-36D2-4986-9EB5-9DCA9CF05E56}.Debug|Any CPU.ActiveCfg = Debug|Any CPU
		{D08539DC-36D2-4986-9EB5-9DCA9CF05E56}.Debug|Any CPU.Build.0 = Debug|Any CPU
		{D08539DC-36D2-4986-9EB5-9DCA9CF05E56}.Release|Any CPU.ActiveCfg = Release|Any CPU
		{D08539DC-36D2-4986-9EB5-9DCA9CF05E56}.Release|Any CPU.Build.0 = Release|Any CPU
	EndGlobalSection
	GlobalSection(SolutionProperties) = preSolution
		HideSolutionNode = FALSE
	EndGlobalSection
	GlobalSection(ExtensibilityGlobals) = postSolution
		SolutionGuid = {46AE10AB-8577-408B-AD6A-EC36071AA756}
	EndGlobalSection
EndGlobal
