
Microsoft Visual Studio Solution File, Format Version 12.00
# Visual Studio Version 17
VisualStudioVersion = 17.4.33205.214
MinimumVisualStudioVersion = 10.0.40219.1
Project("{9A19103F-16F7-4668-BE54-9A1E7A4F7556}") = "CloudNative.CloudEvents.Endpoints", "CloudNative.CloudEvents.Endpoints.csproj", "{A635C0E5-4B74-47E6-8257-6BA21EC1AE57}"
EndProject
Global
	GlobalSection(SolutionConfigurationPlatforms) = preSolution
		Debug|Any CPU = Debug|Any CPU
		Release|Any CPU = Release|Any CPU
	EndGlobalSection
	GlobalSection(ProjectConfigurationPlatforms) = postSolution
		{A635C0E5-4B74-47E6-8257-6BA21EC1AE57}.Debug|Any CPU.ActiveCfg = Debug|Any CPU
		{A635C0E5-4B74-47E6-8257-6BA21EC1AE57}.Debug|Any CPU.Build.0 = Debug|Any CPU
		{A635C0E5-4B74-47E6-8257-6BA21EC1AE57}.Release|Any CPU.ActiveCfg = Release|Any CPU
		{A635C0E5-4B74-47E6-8257-6BA21EC1AE57}.Release|Any CPU.Build.0 = Release|Any CPU
	EndGlobalSection
	GlobalSection(SolutionProperties) = preSolution
		HideSolutionNode = FALSE
	EndGlobalSection
	GlobalSection(ExtensibilityGlobals) = postSolution
		SolutionGuid = {7166A996-464D-4465-BD91-F8FB66A622C9}
	EndGlobalSection
EndGlobal
